schema: '2.0'
stages:
  covisitation:
    cmd: python src/covisitation_matrix.py
    deps:
    - path: src/covisitation_matrix.py
      md5: 018911d2c18b13f6fa7f72fe9dec9335
      size: 4389
    params:
      config/params.yaml:
        covisitation:
          data_fraction: 0.001
          hours_cutoff: 24
          weights:
          - 1
          - 1
          - 1
