schema: '2.0'
stages:
  covisitation:
    cmd: python src/covisitation_matrix.py
    deps:
    - path: src/covisitation_matrix.py
      md5: 018911d2c18b13f6fa7f72fe9dec9335
      size: 4389
    params:
      config/params.yaml:
        covisitation:
          data_fraction: 0.001
          hours_cutoff: 24
          weights:
          - 1
          - 1
          - 1
  evaluate:
    cmd: python src/evaluate.py
    deps:
    - path: src/evaluate.py
      md5: f2d175a15f39ab669aa0c0ba5802f929
      size: 6523
    outs:
    - path: metrics/scores.json
      md5: 8549aa23e46659d10cc6802a6c7a80a0
      size: 29
